
Microsoft Visual Studio Solution File, Format Version 12.00
# Visual Studio Version 17
VisualStudioVersion = 17.9.34714.143
MinimumVisualStudioVersion = 10.0.40219.1
Project("{2150E333-8FDC-42A3-9474-1A3956D46DE8}") = "Services", "Services", "{3D65C047-1170-43F5-8949-64E00422ACBC}"
EndProject
Project("{2150E333-8FDC-42A3-9474-1A3956D46DE8}") = "Catalog", "Catalog", "{7A20C62D-1B75-426E-B189-2AD400170845}"
EndProject
Project("{9A19103F-16F7-4668-BE54-9A1E7A4F7556}") = "Catalog.API", "Services\Catalog\Catalog.API\Catalog.API.csproj", "{7AF456CD-A4D0-4E87-9559-4CE37B87C5F6}"
EndProject
Project("{2150E333-8FDC-42A3-9474-1A3956D46DE8}") = "BuildingBlocks", "BuildingBlocks", "{FDF45CEE-C0D5-4960-A95A-4B1B05BFA718}"
EndProject
Project("{9A19103F-16F7-4668-BE54-9A1E7A4F7556}") = "BuildingBlocks", "BulidingBlocks\BuildingBlocks\BuildingBlocks.csproj", "{B87FE5BA-7652-4CC4-ACDA-C474EE5FF975}"
EndProject
Project("{E53339B2-1760-4266-BCC7-CA923CBCF16C}") = "docker-compose", "docker-compose.dcproj", "{E0ABF04C-652C-4A13-98F2-8B214FED4E39}"
EndProject
Project("{2150E333-8FDC-42A3-9474-1A3956D46DE8}") = "Basket", "Basket", "{07242B98-7653-4121-8D4B-04F3C3C71100}"
EndProject
Project("{FAE04EC0-301F-11D3-BF4B-00C04F79EFBC}") = "Basket.API", "Services\Basket\Basket.API\Basket.API.csproj", "{2122AA61-BA48-4A0D-A433-B27BD9DA2578}"
EndProject
Project("{2150E333-8FDC-42A3-9474-1A3956D46DE8}") = "Discount", "Discount", "{88DF4644-31CE-46C3-AF36-635DB1295216}"
EndProject
Project("{FAE04EC0-301F-11D3-BF4B-00C04F79EFBC}") = "Discount.Grpc", "Services\Discount\Discount.Grpc\Discount.Grpc.csproj", "{7B4FD94E-2B53-4442-B620-8337A2A0D720}"
EndProject
Global
	GlobalSection(SolutionConfigurationPlatforms) = preSolution
		Debug|Any CPU = Debug|Any CPU
		Release|Any CPU = Release|Any CPU
	EndGlobalSection
	GlobalSection(ProjectConfigurationPlatforms) = postSolution
		{7AF456CD-A4D0-4E87-9559-4CE37B87C5F6}.Debug|Any CPU.ActiveCfg = Debug|Any CPU
		{7AF456CD-A4D0-4E87-9559-4CE37B87C5F6}.Debug|Any CPU.Build.0 = Debug|Any CPU
		{7AF456CD-A4D0-4E87-9559-4CE37B87C5F6}.Release|Any CPU.ActiveCfg = Release|Any CPU
		{7AF456CD-A4D0-4E87-9559-4CE37B87C5F6}.Release|Any CPU.Build.0 = Release|Any CPU
		{B87FE5BA-7652-4CC4-ACDA-C474EE5FF975}.Debug|Any CPU.ActiveCfg = Debug|Any CPU
		{B87FE5BA-7652-4CC4-ACDA-C474EE5FF975}.Debug|Any CPU.Build.0 = Debug|Any CPU
		{B87FE5BA-7652-4CC4-ACDA-C474EE5FF975}.Release|Any CPU.ActiveCfg = Release|Any CPU
		{B87FE5BA-7652-4CC4-ACDA-C474EE5FF975}.Release|Any CPU.Build.0 = Release|Any CPU
		{E0ABF04C-652C-4A13-98F2-8B214FED4E39}.Debug|Any CPU.ActiveCfg = Debug|Any CPU
		{E0ABF04C-652C-4A13-98F2-8B214FED4E39}.Debug|Any CPU.Build.0 = Debug|Any CPU
		{E0ABF04C-652C-4A13-98F2-8B214FED4E39}.Release|Any CPU.ActiveCfg = Release|Any CPU
		{E0ABF04C-652C-4A13-98F2-8B214FED4E39}.Release|Any CPU.Build.0 = Release|Any CPU
		{2122AA61-BA48-4A0D-A433-B27BD9DA2578}.Debug|Any CPU.ActiveCfg = Debug|Any CPU
		{2122AA61-BA48-4A0D-A433-B27BD9DA2578}.Debug|Any CPU.Build.0 = Debug|Any CPU
		{2122AA61-BA48-4A0D-A433-B27BD9DA2578}.Release|Any CPU.ActiveCfg = Release|Any CPU
		{2122AA61-BA48-4A0D-A433-B27BD9DA2578}.Release|Any CPU.Build.0 = Release|Any CPU
		{7B4FD94E-2B53-4442-B620-8337A2A0D720}.Debug|Any CPU.ActiveCfg = Debug|Any CPU
		{7B4FD94E-2B53-4442-B620-8337A2A0D720}.Debug|Any CPU.Build.0 = Debug|Any CPU
		{7B4FD94E-2B53-4442-B620-8337A2A0D720}.Release|Any CPU.ActiveCfg = Release|Any CPU
		{7B4FD94E-2B53-4442-B620-8337A2A0D720}.Release|Any CPU.Build.0 = Release|Any CPU
	EndGlobalSection
	GlobalSection(SolutionProperties) = preSolution
		HideSolutionNode = FALSE
	EndGlobalSection
	GlobalSection(NestedProjects) = preSolution
		{7A20C62D-1B75-426E-B189-2AD400170845} = {3D65C047-1170-43F5-8949-64E00422ACBC}
		{7AF456CD-A4D0-4E87-9559-4CE37B87C5F6} = {7A20C62D-1B75-426E-B189-2AD400170845}
		{B87FE5BA-7652-4CC4-ACDA-C474EE5FF975} = {FDF45CEE-C0D5-4960-A95A-4B1B05BFA718}
		{07242B98-7653-4121-8D4B-04F3C3C71100} = {3D65C047-1170-43F5-8949-64E00422ACBC}
		{2122AA61-BA48-4A0D-A433-B27BD9DA2578} = {07242B98-7653-4121-8D4B-04F3C3C71100}
		{88DF4644-31CE-46C3-AF36-635DB1295216} = {3D65C047-1170-43F5-8949-64E00422ACBC}
		{7B4FD94E-2B53-4442-B620-8337A2A0D720} = {88DF4644-31CE-46C3-AF36-635DB1295216}
	EndGlobalSection
	GlobalSection(ExtensibilityGlobals) = postSolution
		SolutionGuid = {379E82DB-82C7-4F0F-BDFC-323A45F1891E}
	EndGlobalSection
EndGlobal
